// !$*UTF8*$!
{
	archiveVersion = 1;
	classes = {
	};
	objectVersion = 46;
	objects = {

/* Begin PBXBuildFile section */
		3B55F6E01CAA778B009F4ADE /* WritingTestsViewController.m in Sources */ = {isa = PBXBuildFile; fileRef = 3B55F6DF1CAA778B009F4ADE /* WritingTestsViewController.m */; };
		3B65C3D51CAE539400ADEA67 /* ExpandableTableView.m in Sources */ = {isa = PBXBuildFile; fileRef = 3B65C3D41CAE539400ADEA67 /* ExpandableTableView.m */; };
		3B65C3D81CAE544200ADEA67 /* ExpandableCell.m in Sources */ = {isa = PBXBuildFile; fileRef = 3B65C3D71CAE544200ADEA67 /* ExpandableCell.m */; };
		3B65C3DB1CAE54A900ADEA67 /* Constants.m in Sources */ = {isa = PBXBuildFile; fileRef = 3B65C3DA1CAE54A900ADEA67 /* Constants.m */; };
		3B65C3DD1CAE631400ADEA67 /* ExpandableCell.xib in Resources */ = {isa = PBXBuildFile; fileRef = 3B65C3DC1CAE631400ADEA67 /* ExpandableCell.xib */; };
		3B863EB21C9AE32800EB439B /* main.m in Sources */ = {isa = PBXBuildFile; fileRef = 3B863EB11C9AE32800EB439B /* main.m */; };
		3B863EB51C9AE32800EB439B /* AppDelegate.m in Sources */ = {isa = PBXBuildFile; fileRef = 3B863EB41C9AE32800EB439B /* AppDelegate.m */; };
		3B863EB81C9AE32800EB439B /* ViewController.m in Sources */ = {isa = PBXBuildFile; fileRef = 3B863EB71C9AE32800EB439B /* ViewController.m */; };
		3B863EBB1C9AE32800EB439B /* Main.storyboard in Resources */ = {isa = PBXBuildFile; fileRef = 3B863EB91C9AE32800EB439B /* Main.storyboard */; };
		3B863EBD1C9AE32900EB439B /* Assets.xcassets in Resources */ = {isa = PBXBuildFile; fileRef = 3B863EBC1C9AE32900EB439B /* Assets.xcassets */; };
		3B863EC01C9AE32900EB439B /* LaunchScreen.storyboard in Resources */ = {isa = PBXBuildFile; fileRef = 3B863EBE1C9AE32900EB439B /* LaunchScreen.storyboard */; };
		3B863ECB1C9AE32900EB439B /* DemoTests.m in Sources */ = {isa = PBXBuildFile; fileRef = 3B863ECA1C9AE32900EB439B /* DemoTests.m */; };
		3B863ED61C9AE32900EB439B /* DemoUITests.m in Sources */ = {isa = PBXBuildFile; fileRef = 3B863ED51C9AE32900EB439B /* DemoUITests.m */; };
/* End PBXBuildFile section */

/* Begin PBXContainerItemProxy section */
		3B863EC71C9AE32900EB439B /* PBXContainerItemProxy */ = {
			isa = PBXContainerItemProxy;
			containerPortal = 3B863EA51C9AE32800EB439B /* Project object */;
			proxyType = 1;
			remoteGlobalIDString = 3B863EAC1C9AE32800EB439B;
			remoteInfo = Demo;
		};
		3B863ED21C9AE32900EB439B /* PBXContainerItemProxy */ = {
			isa = PBXContainerItemProxy;
			containerPortal = 3B863EA51C9AE32800EB439B /* Project object */;
			proxyType = 1;
			remoteGlobalIDString = 3B863EAC1C9AE32800EB439B;
			remoteInfo = Demo;
		};
/* End PBXContainerItemProxy section */

/* Begin PBXFileReference section */
		3B55F6DE1CAA778B009F4ADE /* WritingTestsViewController.h */ = {isa = PBXFileReference; fileEncoding = 4; lastKnownFileType = sourcecode.c.h; name = WritingTestsViewController.h; path = ../WritingTestsViewController.h; sourceTree = "<group>"; };
		3B55F6DF1CAA778B009F4ADE /* WritingTestsViewController.m */ = {isa = PBXFileReference; fileEncoding = 4; lastKnownFileType = sourcecode.c.objc; name = WritingTestsViewController.m; path = ../WritingTestsViewController.m; sourceTree = "<group>"; };
		3B65C3D31CAE539400ADEA67 /* ExpandableTableView.h */ = {isa = PBXFileReference; fileEncoding = 4; lastKnownFileType = sourcecode.c.h; name = ExpandableTableView.h; path = ../ExpandableTableView.h; sourceTree = "<group>"; };
		3B65C3D41CAE539400ADEA67 /* ExpandableTableView.m */ = {isa = PBXFileReference; fileEncoding = 4; lastKnownFileType = sourcecode.c.objc; name = ExpandableTableView.m; path = ../ExpandableTableView.m; sourceTree = "<group>"; };
		3B65C3D61CAE544200ADEA67 /* ExpandableCell.h */ = {isa = PBXFileReference; fileEncoding = 4; lastKnownFileType = sourcecode.c.h; name = ExpandableCell.h; path = ../ExpandableCell.h; sourceTree = "<group>"; };
		3B65C3D71CAE544200ADEA67 /* ExpandableCell.m */ = {isa = PBXFileReference; fileEncoding = 4; lastKnownFileType = sourcecode.c.objc; name = ExpandableCell.m; path = ../ExpandableCell.m; sourceTree = "<group>"; };
		3B65C3D91CAE54A900ADEA67 /* Constants.h */ = {isa = PBXFileReference; fileEncoding = 4; lastKnownFileType = sourcecode.c.h; name = Constants.h; path = ../Constants.h; sourceTree = "<group>"; };
		3B65C3DA1CAE54A900ADEA67 /* Constants.m */ = {isa = PBXFileReference; fileEncoding = 4; lastKnownFileType = sourcecode.c.objc; name = Constants.m; path = ../Constants.m; sourceTree = "<group>"; };
		3B65C3DC1CAE631400ADEA67 /* ExpandableCell.xib */ = {isa = PBXFileReference; fileEncoding = 4; lastKnownFileType = file.xib; name = ExpandableCell.xib; path = ../ExpandableCell.xib; sourceTree = "<group>"; };
		3B863EAD1C9AE32800EB439B /* Demo.app */ = {isa = PBXFileReference; explicitFileType = wrapper.application; includeInIndex = 0; path = Demo.app; sourceTree = BUILT_PRODUCTS_DIR; };
		3B863EB11C9AE32800EB439B /* main.m */ = {isa = PBXFileReference; lastKnownFileType = sourcecode.c.objc; path = main.m; sourceTree = "<group>"; };
		3B863EB31C9AE32800EB439B /* AppDelegate.h */ = {isa = PBXFileReference; lastKnownFileType = sourcecode.c.h; path = AppDelegate.h; sourceTree = "<group>"; };
		3B863EB41C9AE32800EB439B /* AppDelegate.m */ = {isa = PBXFileReference; lastKnownFileType = sourcecode.c.objc; path = AppDelegate.m; sourceTree = "<group>"; };
		3B863EB61C9AE32800EB439B /* ViewController.h */ = {isa = PBXFileReference; lastKnownFileType = sourcecode.c.h; path = ViewController.h; sourceTree = "<group>"; };
		3B863EB71C9AE32800EB439B /* ViewController.m */ = {isa = PBXFileReference; lastKnownFileType = sourcecode.c.objc; path = ViewController.m; sourceTree = "<group>"; };
		3B863EBA1C9AE32800EB439B /* Base */ = {isa = PBXFileReference; lastKnownFileType = file.storyboard; name = Base; path = Base.lproj/Main.storyboard; sourceTree = "<group>"; };
		3B863EBC1C9AE32900EB439B /* Assets.xcassets */ = {isa = PBXFileReference; lastKnownFileType = folder.assetcatalog; path = Assets.xcassets; sourceTree = "<group>"; };
		3B863EBF1C9AE32900EB439B /* Base */ = {isa = PBXFileReference; lastKnownFileType = file.storyboard; name = Base; path = Base.lproj/LaunchScreen.storyboard; sourceTree = "<group>"; };
		3B863EC11C9AE32900EB439B /* Info.plist */ = {isa = PBXFileReference; lastKnownFileType = text.plist.xml; path = Info.plist; sourceTree = "<group>"; };
		3B863EC61C9AE32900EB439B /* DemoTests.xctest */ = {isa = PBXFileReference; explicitFileType = wrapper.cfbundle; includeInIndex = 0; path = DemoTests.xctest; sourceTree = BUILT_PRODUCTS_DIR; };
		3B863ECA1C9AE32900EB439B /* DemoTests.m */ = {isa = PBXFileReference; lastKnownFileType = sourcecode.c.objc; path = DemoTests.m; sourceTree = "<group>"; };
		3B863ECC1C9AE32900EB439B /* Info.plist */ = {isa = PBXFileReference; lastKnownFileType = text.plist.xml; path = Info.plist; sourceTree = "<group>"; };
		3B863ED11C9AE32900EB439B /* DemoUITests.xctest */ = {isa = PBXFileReference; explicitFileType = wrapper.cfbundle; includeInIndex = 0; path = DemoUITests.xctest; sourceTree = BUILT_PRODUCTS_DIR; };
		3B863ED51C9AE32900EB439B /* DemoUITests.m */ = {isa = PBXFileReference; lastKnownFileType = sourcecode.c.objc; path = DemoUITests.m; sourceTree = "<group>"; };
		3B863ED71C9AE32900EB439B /* Info.plist */ = {isa = PBXFileReference; lastKnownFileType = text.plist.xml; path = Info.plist; sourceTree = "<group>"; };
/* End PBXFileReference section */

/* Begin PBXFrameworksBuildPhase section */
		3B863EAA1C9AE32800EB439B /* Frameworks */ = {
			isa = PBXFrameworksBuildPhase;
			buildActionMask = 2147483647;
			files = (
			);
			runOnlyForDeploymentPostprocessing = 0;
		};
		3B863EC31C9AE32900EB439B /* Frameworks */ = {
			isa = PBXFrameworksBuildPhase;
			buildActionMask = 2147483647;
			files = (
			);
			runOnlyForDeploymentPostprocessing = 0;
		};
		3B863ECE1C9AE32900EB439B /* Frameworks */ = {
			isa = PBXFrameworksBuildPhase;
			buildActionMask = 2147483647;
			files = (
			);
			runOnlyForDeploymentPostprocessing = 0;
		};
/* End PBXFrameworksBuildPhase section */

/* Begin PBXGroup section */
		3B863EA41C9AE32800EB439B = {
			isa = PBXGroup;
			children = (
				3B863EAF1C9AE32800EB439B /* Demo */,
				3B863EC91C9AE32900EB439B /* DemoTests */,
				3B863ED41C9AE32900EB439B /* DemoUITests */,
				3B863EAE1C9AE32800EB439B /* Products */,
			);
			sourceTree = "<group>";
		};
		3B863EAE1C9AE32800EB439B /* Products */ = {
			isa = PBXGroup;
			children = (
				3B863EAD1C9AE32800EB439B /* Demo.app */,
				3B863EC61C9AE32900EB439B /* DemoTests.xctest */,
				3B863ED11C9AE32900EB439B /* DemoUITests.xctest */,
			);
			name = Products;
			sourceTree = "<group>";
		};
		3B863EAF1C9AE32800EB439B /* Demo */ = {
			isa = PBXGroup;
			children = (
				3B863EB31C9AE32800EB439B /* AppDelegate.h */,
				3B863EB41C9AE32800EB439B /* AppDelegate.m */,
				3B863EB61C9AE32800EB439B /* ViewController.h */,
				3B863EB71C9AE32800EB439B /* ViewController.m */,
				3B55F6DE1CAA778B009F4ADE /* WritingTestsViewController.h */,
				3B55F6DF1CAA778B009F4ADE /* WritingTestsViewController.m */,
				3B65C3D31CAE539400ADEA67 /* ExpandableTableView.h */,
				3B65C3D41CAE539400ADEA67 /* ExpandableTableView.m */,
				3B65C3D61CAE544200ADEA67 /* ExpandableCell.h */,
				3B65C3D71CAE544200ADEA67 /* ExpandableCell.m */,
				3B65C3DC1CAE631400ADEA67 /* ExpandableCell.xib */,
				3B65C3D91CAE54A900ADEA67 /* Constants.h */,
				3B65C3DA1CAE54A900ADEA67 /* Constants.m */,
				3B863EB91C9AE32800EB439B /* Main.storyboard */,
				3B863EBC1C9AE32900EB439B /* Assets.xcassets */,
				3B863EBE1C9AE32900EB439B /* LaunchScreen.storyboard */,
				3B863EC11C9AE32900EB439B /* Info.plist */,
				3B863EB01C9AE32800EB439B /* Supporting Files */,
			);
			path = Demo;
			sourceTree = "<group>";
		};
		3B863EB01C9AE32800EB439B /* Supporting Files */ = {
			isa = PBXGroup;
			children = (
				3B863EB11C9AE32800EB439B /* main.m */,
			);
			name = "Supporting Files";
			sourceTree = "<group>";
		};
		3B863EC91C9AE32900EB439B /* DemoTests */ = {
			isa = PBXGroup;
			children = (
				3B863ECA1C9AE32900EB439B /* DemoTests.m */,
				3B863ECC1C9AE32900EB439B /* Info.plist */,
			);
			path = DemoTests;
			sourceTree = "<group>";
		};
		3B863ED41C9AE32900EB439B /* DemoUITests */ = {
			isa = PBXGroup;
			children = (
				3B863ED51C9AE32900EB439B /* DemoUITests.m */,
				3B863ED71C9AE32900EB439B /* Info.plist */,
			);
			path = DemoUITests;
			sourceTree = "<group>";
		};
/* End PBXGroup section */

/* Begin PBXNativeTarget section */
		3B863EAC1C9AE32800EB439B /* Demo */ = {
			isa = PBXNativeTarget;
			buildConfigurationList = 3B863EDA1C9AE32900EB439B /* Build configuration list for PBXNativeTarget "Demo" */;
			buildPhases = (
				3B863EA91C9AE32800EB439B /* Sources */,
				3B863EAA1C9AE32800EB439B /* Frameworks */,
				3B863EAB1C9AE32800EB439B /* Resources */,
			);
			buildRules = (
			);
			dependencies = (
			);
			name = Demo;
			productName = Demo;
			productReference = 3B863EAD1C9AE32800EB439B /* Demo.app */;
			productType = "com.apple.product-type.application";
		};
		3B863EC51C9AE32900EB439B /* DemoTests */ = {
			isa = PBXNativeTarget;
			buildConfigurationList = 3B863EDD1C9AE32900EB439B /* Build configuration list for PBXNativeTarget "DemoTests" */;
			buildPhases = (
				3B863EC21C9AE32900EB439B /* Sources */,
				3B863EC31C9AE32900EB439B /* Frameworks */,
				3B863EC41C9AE32900EB439B /* Resources */,
			);
			buildRules = (
			);
			dependencies = (
				3B863EC81C9AE32900EB439B /* PBXTargetDependency */,
			);
			name = DemoTests;
			productName = DemoTests;
			productReference = 3B863EC61C9AE32900EB439B /* DemoTests.xctest */;
			productType = "com.apple.product-type.bundle.unit-test";
		};
		3B863ED01C9AE32900EB439B /* DemoUITests */ = {
			isa = PBXNativeTarget;
			buildConfigurationList = 3B863EE01C9AE32900EB439B /* Build configuration list for PBXNativeTarget "DemoUITests" */;
			buildPhases = (
				3B863ECD1C9AE32900EB439B /* Sources */,
				3B863ECE1C9AE32900EB439B /* Frameworks */,
				3B863ECF1C9AE32900EB439B /* Resources */,
			);
			buildRules = (
			);
			dependencies = (
				3B863ED31C9AE32900EB439B /* PBXTargetDependency */,
			);
			name = DemoUITests;
			productName = DemoUITests;
			productReference = 3B863ED11C9AE32900EB439B /* DemoUITests.xctest */;
			productType = "com.apple.product-type.bundle.ui-testing";
		};
/* End PBXNativeTarget section */

/* Begin PBXProject section */
		3B863EA51C9AE32800EB439B /* Project object */ = {
			isa = PBXProject;
			attributes = {
				LastUpgradeCheck = 0720;
				ORGANIZATIONNAME = 6Degreesit;
				TargetAttributes = {
					3B863EAC1C9AE32800EB439B = {
						CreatedOnToolsVersion = 7.2;
					};
					3B863EC51C9AE32900EB439B = {
						CreatedOnToolsVersion = 7.2;
						TestTargetID = 3B863EAC1C9AE32800EB439B;
					};
					3B863ED01C9AE32900EB439B = {
						CreatedOnToolsVersion = 7.2;
						TestTargetID = 3B863EAC1C9AE32800EB439B;
					};
				};
			};
			buildConfigurationList = 3B863EA81C9AE32800EB439B /* Build configuration list for PBXProject "Demo" */;
			compatibilityVersion = "Xcode 3.2";
			developmentRegion = English;
			hasScannedForEncodings = 0;
			knownRegions = (
				en,
				Base,
			);
			mainGroup = 3B863EA41C9AE32800EB439B;
			productRefGroup = 3B863EAE1C9AE32800EB439B /* Products */;
			projectDirPath = "";
			projectRoot = "";
			targets = (
				3B863EAC1C9AE32800EB439B /* Demo */,
				3B863EC51C9AE32900EB439B /* DemoTests */,
				3B863ED01C9AE32900EB439B /* DemoUITests */,
			);
		};
/* End PBXProject section */

/* Begin PBXResourcesBuildPhase section */
		3B863EAB1C9AE32800EB439B /* Resources */ = {
			isa = PBXResourcesBuildPhase;
			buildActionMask = 2147483647;
			files = (
				3B863EC01C9AE32900EB439B /* LaunchScreen.storyboard in Resources */,
				3B863EBD1C9AE32900EB439B /* Assets.xcassets in Resources */,
				3B863EBB1C9AE32800EB439B /* Main.storyboard in Resources */,
				3B65C3DD1CAE631400ADEA67 /* ExpandableCell.xib in Resources */,
			);
			runOnlyForDeploymentPostprocessing = 0;
		};
		3B863EC41C9AE32900EB439B /* Resources */ = {
			isa = PBXResourcesBuildPhase;
			buildActionMask = 2147483647;
			files = (
			);
			runOnlyForDeploymentPostprocessing = 0;
		};
		3B863ECF1C9AE32900EB439B /* Resources */ = {
			isa = PBXResourcesBuildPhase;
			buildActionMask = 2147483647;
			files = (
			);
			runOnlyForDeploymentPostprocessing = 0;
		};
/* End PBXResourcesBuildPhase section */

/* Begin PBXSourcesBuildPhase section */
		3B863EA91C9AE32800EB439B /* Sources */ = {
			isa = PBXSourcesBuildPhase;
			buildActionMask = 2147483647;
			files = (
				3B863EB81C9AE32800EB439B /* ViewController.m in Sources */,
				3B55F6E01CAA778B009F4ADE /* WritingTestsViewController.m in Sources */,
				3B65C3D51CAE539400ADEA67 /* ExpandableTableView.m in Sources */,
				3B863EB51C9AE32800EB439B /* AppDelegate.m in Sources */,
				3B863EB21C9AE32800EB439B /* main.m in Sources */,
				3B65C3DB1CAE54A900ADEA67 /* Constants.m in Sources */,
				3B65C3D81CAE544200ADEA67 /* ExpandableCell.m in Sources */,
			);
			runOnlyForDeploymentPostprocessing = 0;
		};
		3B863EC21C9AE32900EB439B /* Sources */ = {
			isa = PBXSourcesBuildPhase;
			buildActionMask = 2147483647;
			files = (
				3B863ECB1C9AE32900EB439B /* DemoTests.m in Sources */,
			);
			runOnlyForDeploymentPostprocessing = 0;
		};
		3B863ECD1C9AE32900EB439B /* Sources */ = {
			isa = PBXSourcesBuildPhase;
			buildActionMask = 2147483647;
			files = (
				3B863ED61C9AE32900EB439B /* DemoUITests.m in Sources */,
			);
			runOnlyForDeploymentPostprocessing = 0;
		};
/* End PBXSourcesBuildPhase section */

/* Begin PBXTargetDependency section */
		3B863EC81C9AE32900EB439B /* PBXTargetDependency */ = {
			isa = PBXTargetDependency;
			target = 3B863EAC1C9AE32800EB439B /* Demo */;
			targetProxy = 3B863EC71C9AE32900EB439B /* PBXContainerItemProxy */;
		};
		3B863ED31C9AE32900EB439B /* PBXTargetDependency */ = {
			isa = PBXTargetDependency;
			target = 3B863EAC1C9AE32800EB439B /* Demo */;
			targetProxy = 3B863ED21C9AE32900EB439B /* PBXContainerItemProxy */;
		};
/* End PBXTargetDependency section */

/* Begin PBXVariantGroup section */
		3B863EB91C9AE32800EB439B /* Main.storyboard */ = {
			isa = PBXVariantGroup;
			children = (
				3B863EBA1C9AE32800EB439B /* Base */,
			);
			name = Main.storyboard;
			sourceTree = "<group>";
		};
		3B863EBE1C9AE32900EB439B /* LaunchScreen.storyboard */ = {
			isa = PBXVariantGroup;
			children = (
				3B863EBF1C9AE32900EB439B /* Base */,
			);
			name = LaunchScreen.storyboard;
			sourceTree = "<group>";
		};
/* End PBXVariantGroup section */

/* Begin XCBuildConfiguration section */
		3B863ED81C9AE32900EB439B /* Debug */ = {
			isa = XCBuildConfiguration;
			buildSettings = {
				ALWAYS_SEARCH_USER_PATHS = NO;
				CLANG_CXX_LANGUAGE_STANDARD = "gnu++0x";
				CLANG_CXX_LIBRARY = "libc++";
				CLANG_ENABLE_MODULES = YES;
				CLANG_ENABLE_OBJC_ARC = YES;
				CLANG_WARN_BOOL_CONVERSION = YES;
				CLANG_WARN_CONSTANT_CONVERSION = YES;
				CLANG_WARN_DIRECT_OBJC_ISA_USAGE = YES_ERROR;
				CLANG_WARN_EMPTY_BODY = YES;
				CLANG_WARN_ENUM_CONVERSION = YES;
				CLANG_WARN_INT_CONVERSION = YES;
				CLANG_WARN_OBJC_ROOT_CLASS = YES_ERROR;
				CLANG_WARN_UNREACHABLE_CODE = YES;
				CLANG_WARN__DUPLICATE_METHOD_MATCH = YES;
				"CODE_SIGN_IDENTITY[sdk=iphoneos*]" = "iPhone Developer";
				COPY_PHASE_STRIP = NO;
				DEBUG_INFORMATION_FORMAT = dwarf;
				ENABLE_STRICT_OBJC_MSGSEND = YES;
				ENABLE_TESTABILITY = YES;
				GCC_C_LANGUAGE_STANDARD = gnu99;
				GCC_DYNAMIC_NO_PIC = NO;
				GCC_NO_COMMON_BLOCKS = YES;
				GCC_OPTIMIZATION_LEVEL = 0;
				GCC_PREPROCESSOR_DEFINITIONS = (
					"DEBUG=1",
					"$(inherited)",
				);
				GCC_WARN_64_TO_32_BIT_CONVERSION = YES;
				GCC_WARN_ABOUT_RETURN_TYPE = YES_ERROR;
				GCC_WARN_UNDECLARED_SELECTOR = YES;
				GCC_WARN_UNINITIALIZED_AUTOS = YES_AGGRESSIVE;
				GCC_WARN_UNUSED_FUNCTION = YES;
				GCC_WARN_UNUSED_VARIABLE = YES;
				IPHONEOS_DEPLOYMENT_TARGET = 9.2;
				MTL_ENABLE_DEBUG_INFO = YES;
				ONLY_ACTIVE_ARCH = YES;
				SDKROOT = iphoneos;
				TARGETED_DEVICE_FAMILY = "1,2";
			};
			name = Debug;
		};
		3B863ED91C9AE32900EB439B /* Release */ = {
			isa = XCBuildConfiguration;
			buildSettings = {
				ALWAYS_SEARCH_USER_PATHS = NO;
				CLANG_CXX_LANGUAGE_STANDARD = "gnu++0x";
				CLANG_CXX_LIBRARY = "libc++";
				CLANG_ENABLE_MODULES = YES;
				CLANG_ENABLE_OBJC_ARC = YES;
				CLANG_WARN_BOOL_CONVERSION = YES;
				CLANG_WARN_CONSTANT_CONVERSION = YES;
				CLANG_WARN_DIRECT_OBJC_ISA_USAGE = YES_ERROR;
				CLANG_WARN_EMPTY_BODY = YES;
				CLANG_WARN_ENUM_CONVERSION = YES;
				CLANG_WARN_INT_CONVERSION = YES;
				CLANG_WARN_OBJC_ROOT_CLASS = YES_ERROR;
				CLANG_WARN_UNREACHABLE_CODE = YES;
				CLANG_WARN__DUPLICATE_METHOD_MATCH = YES;
				"CODE_SIGN_IDENTITY[sdk=iphoneos*]" = "iPhone Developer";
				COPY_PHASE_STRIP = NO;
				DEBUG_INFORMATION_FORMAT = "dwarf-with-dsym";
				ENABLE_NS_ASSERTIONS = NO;
				ENABLE_STRICT_OBJC_MSGSEND = YES;
				GCC_C_LANGUAGE_STANDARD = gnu99;
				GCC_NO_COMMON_BLOCKS = YES;
				GCC_WARN_64_TO_32_BIT_CONVERSION = YES;
				GCC_WARN_ABOUT_RETURN_TYPE = YES_ERROR;
				GCC_WARN_UNDECLARED_SELECTOR = YES;
				GCC_WARN_UNINITIALIZED_AUTOS = YES_AGGRESSIVE;
				GCC_WARN_UNUSED_FUNCTION = YES;
				GCC_WARN_UNUSED_VARIABLE = YES;
				IPHONEOS_DEPLOYMENT_TARGET = 9.2;
				MTL_ENABLE_DEBUG_INFO = NO;
				SDKROOT = iphoneos;
				TARGETED_DEVICE_FAMILY = "1,2";
				VALIDATE_PRODUCT = YES;
			};
			name = Release;
		};
		3B863EDB1C9AE32900EB439B /* Debug */ = {
			isa = XCBuildConfiguration;
			buildSettings = {
				ASSETCATALOG_COMPILER_APPICON_NAME = AppIcon;
				INFOPLIST_FILE = Demo/Info.plist;
				LD_RUNPATH_SEARCH_PATHS = "$(inherited) @executable_path/Frameworks";
				PRODUCT_BUNDLE_IDENTIFIER = "-D.Demo";
				PRODUCT_NAME = "$(TARGET_NAME)";
			};
			name = Debug;
		};
		3B863EDC1C9AE32900EB439B /* Release */ = {
			isa = XCBuildConfiguration;
			buildSettings = {
				ASSETCATALOG_COMPILER_APPICON_NAME = AppIcon;
				INFOPLIST_FILE = Demo/Info.plist;
				LD_RUNPATH_SEARCH_PATHS = "$(inherited) @executable_path/Frameworks";
				PRODUCT_BUNDLE_IDENTIFIER = "-D.Demo";
				PRODUCT_NAME = "$(TARGET_NAME)";
			};
			name = Release;
		};
		3B863EDE1C9AE32900EB439B /* Debug */ = {
			isa = XCBuildConfiguration;
			buildSettings = {
				BUNDLE_LOADER = "$(TEST_HOST)";
				INFOPLIST_FILE = DemoTests/Info.plist;
				LD_RUNPATH_SEARCH_PATHS = "$(inherited) @executable_path/Frameworks @loader_path/Frameworks";
				PRODUCT_BUNDLE_IDENTIFIER = "-D.DemoTests";
				PRODUCT_NAME = "$(TARGET_NAME)";
				TEST_HOST = "$(BUILT_PRODUCTS_DIR)/Demo.app/Demo";
			};
			name = Debug;
		};
		3B863EDF1C9AE32900EB439B /* Release */ = {
			isa = XCBuildConfiguration;
			buildSettings = {
				BUNDLE_LOADER = "$(TEST_HOST)";
				INFOPLIST_FILE = DemoTests/Info.plist;
				LD_RUNPATH_SEARCH_PATHS = "$(inherited) @executable_path/Frameworks @loader_path/Frameworks";
				PRODUCT_BUNDLE_IDENTIFIER = "-D.DemoTests";
				PRODUCT_NAME = "$(TARGET_NAME)";
				TEST_HOST = "$(BUILT_PRODUCTS_DIR)/Demo.app/Demo";
			};
			name = Release;
		};
		3B863EE11C9AE32900EB439B /* Debug */ = {
			isa = XCBuildConfiguration;
			buildSettings = {
				INFOPLIST_FILE = DemoUITests/Info.plist;
				LD_RUNPATH_SEARCH_PATHS = "$(inherited) @executable_path/Frameworks @loader_path/Frameworks";
				PRODUCT_BUNDLE_IDENTIFIER = "-D.DemoUITests";
				PRODUCT_NAME = "$(TARGET_NAME)";
				TEST_TARGET_NAME = Demo;
				USES_XCTRUNNER = YES;
			};
			name = Debug;
		};
		3B863EE21C9AE32900EB439B /* Release */ = {
			isa = XCBuildConfiguration;
			buildSettings = {
				INFOPLIST_FILE = DemoUITests/Info.plist;
				LD_RUNPATH_SEARCH_PATHS = "$(inherited) @executable_path/Frameworks @loader_path/Frameworks";
				PRODUCT_BUNDLE_IDENTIFIER = "-D.DemoUITests";
				PRODUCT_NAME = "$(TARGET_NAME)";
				TEST_TARGET_NAME = Demo;
				USES_XCTRUNNER = YES;
			};
			name = Release;
		};
/* End XCBuildConfiguration section */

/* Begin XCConfigurationList section */
		3B863EA81C9AE32800EB439B /* Build configuration list for PBXProject "Demo" */ = {
			isa = XCConfigurationList;
			buildConfigurations = (
				3B863ED81C9AE32900EB439B /* Debug */,
				3B863ED91C9AE32900EB439B /* Release */,
			);
			defaultConfigurationIsVisible = 0;
			defaultConfigurationName = Release;
		};
		3B863EDA1C9AE32900EB439B /* Build configuration list for PBXNativeTarget "Demo" */ = {
			isa = XCConfigurationList;
			buildConfigurations = (
				3B863EDB1C9AE32900EB439B /* Debug */,
				3B863EDC1C9AE32900EB439B /* Release */,
			);
			defaultConfigurationIsVisible = 0;
			defaultConfigurationName = Release;
		};
		3B863EDD1C9AE32900EB439B /* Build configuration list for PBXNativeTarget "DemoTests" */ = {
			isa = XCConfigurationList;
			buildConfigurations = (
				3B863EDE1C9AE32900EB439B /* Debug */,
				3B863EDF1C9AE32900EB439B /* Release */,
			);
			defaultConfigurationIsVisible = 0;
			defaultConfigurationName = Release;
		};
		3B863EE01C9AE32900EB439B /* Build configuration list for PBXNativeTarget "DemoUITests" */ = {
			isa = XCConfigurationList;
			buildConfigurations = (
				3B863EE11C9AE32900EB439B /* Debug */,
				3B863EE21C9AE32900EB439B /* Release */,
			);
			defaultConfigurationIsVisible = 0;
			defaultConfigurationName = Release;
		};
/* End XCConfigurationList section */
	};
	rootObject = 3B863EA51C9AE32800EB439B /* Project object */;
}
